
Microsoft Visual Studio Solution File, Format Version 12.00
# Visual Studio 15
Project("{FAE04EC0-301F-11D3-BF4B-00C04F79EFBC}") = "Assembly-CSharp", "Assembly-CSharp.csproj", "{9CDA5BD3-5E75-4945-C5E7-9D0841B3371B}"
EndProject
Project("{FAE04EC0-301F-11D3-BF4B-00C04F79EFBC}") = "Assembly-CSharp-Editor", "Assembly-CSharp-Editor.csproj", "{3A58F2F2-792B-E651-B2CE-E122F5C9F47C}"
EndProject
Global
	GlobalSection(SolutionConfigurationPlatforms) = preSolution
		Debug|Any CPU = Debug|Any CPU
		Release|Any CPU = Release|Any CPU
	EndGlobalSection
	GlobalSection(ProjectConfigurationPlatforms) = postSolution
		{9CDA5BD3-5E75-4945-C5E7-9D0841B3371B}.Debug|Any CPU.ActiveCfg = Debug|Any CPU
		{9CDA5BD3-5E75-4945-C5E7-9D0841B3371B}.Debug|Any CPU.Build.0 = Debug|Any CPU
		{9CDA5BD3-5E75-4945-C5E7-9D0841B3371B}.Release|Any CPU.ActiveCfg = Release|Any CPU
		{9CDA5BD3-5E75-4945-C5E7-9D0841B3371B}.Release|Any CPU.Build.0 = Release|Any CPU
		{3A58F2F2-792B-E651-B2CE-E122F5C9F47C}.Debug|Any CPU.ActiveCfg = Debug|Any CPU
		{3A58F2F2-792B-E651-B2CE-E122F5C9F47C}.Debug|Any CPU.Build.0 = Debug|Any CPU
		{3A58F2F2-792B-E651-B2CE-E122F5C9F47C}.Release|Any CPU.ActiveCfg = Release|Any CPU
		{3A58F2F2-792B-E651-B2CE-E122F5C9F47C}.Release|Any CPU.Build.0 = Release|Any CPU
	EndGlobalSection
	GlobalSection(SolutionProperties) = preSolution
		HideSolutionNode = FALSE
	EndGlobalSection
EndGlobal
